
Microsoft Visual Studio Solution File, Format Version 12.00
# Visual Studio Version 17
VisualStudioVersion = 17.5.33516.290
MinimumVisualStudioVersion = 10.0.40219.1
Project("{9A19103F-16F7-4668-BE54-9A1E7A4F7556}") = "Yearly.Presentation", "Yearly.Presentation\Yearly.Presentation.csproj", "{DC3BC138-056B-4035-A350-4E9B1CD1EDAA}"
EndProject
Project("{9A19103F-16F7-4668-BE54-9A1E7A4F7556}") = "Yearly.Application", "Yearly.Application\Yearly.Application.csproj", "{7DA77683-2A8A-49AB-BA3A-1F96BA395125}"
EndProject
Project("{9A19103F-16F7-4668-BE54-9A1E7A4F7556}") = "Yearly.Domain", "Yearly.Domain\Yearly.Domain.csproj", "{B306697B-A791-4481-A0A9-BEE2FAC3EC48}"
EndProject
Project("{9A19103F-16F7-4668-BE54-9A1E7A4F7556}") = "Yearly.Infrastructure", "Yearly.Infrastructure\Yearly.Infrastructure.csproj", "{69A48454-4027-4DCB-B59F-04DF0DFAC4E1}"
EndProject
Project("{9A19103F-16F7-4668-BE54-9A1E7A4F7556}") = "Yearly.Contracts", "Yearly.Contracts\Yearly.Contracts.csproj", "{02EB685A-D795-49EF-965F-0B698645B6E8}"
EndProject
Project("{2150E333-8FDC-42A3-9474-1A3956D46DE8}") = "Solution Items", "Solution Items", "{6122281A-9CD4-4B7D-82E4-DC82B94567C4}"
	ProjectSection(SolutionItems) = preProject
		.editorconfig = .editorconfig
		.gitignore = .gitignore
		README.md = README.md
		Docs\SolutionDocs.md = Docs\SolutionDocs.md
	EndProjectSection
EndProject
Global
	GlobalSection(SolutionConfigurationPlatforms) = preSolution
		Debug|Any CPU = Debug|Any CPU
		Release|Any CPU = Release|Any CPU
	EndGlobalSection
	GlobalSection(ProjectConfigurationPlatforms) = postSolution
		{DC3BC138-056B-4035-A350-4E9B1CD1EDAA}.Debug|Any CPU.ActiveCfg = Debug|Any CPU
		{DC3BC138-056B-4035-A350-4E9B1CD1EDAA}.Debug|Any CPU.Build.0 = Debug|Any CPU
		{DC3BC138-056B-4035-A350-4E9B1CD1EDAA}.Release|Any CPU.ActiveCfg = Release|Any CPU
		{DC3BC138-056B-4035-A350-4E9B1CD1EDAA}.Release|Any CPU.Build.0 = Release|Any CPU
		{7DA77683-2A8A-49AB-BA3A-1F96BA395125}.Debug|Any CPU.ActiveCfg = Debug|Any CPU
		{7DA77683-2A8A-49AB-BA3A-1F96BA395125}.Debug|Any CPU.Build.0 = Debug|Any CPU
		{7DA77683-2A8A-49AB-BA3A-1F96BA395125}.Release|Any CPU.ActiveCfg = Release|Any CPU
		{7DA77683-2A8A-49AB-BA3A-1F96BA395125}.Release|Any CPU.Build.0 = Release|Any CPU
		{B306697B-A791-4481-A0A9-BEE2FAC3EC48}.Debug|Any CPU.ActiveCfg = Debug|Any CPU
		{B306697B-A791-4481-A0A9-BEE2FAC3EC48}.Debug|Any CPU.Build.0 = Debug|Any CPU
		{B306697B-A791-4481-A0A9-BEE2FAC3EC48}.Release|Any CPU.ActiveCfg = Release|Any CPU
		{B306697B-A791-4481-A0A9-BEE2FAC3EC48}.Release|Any CPU.Build.0 = Release|Any CPU
		{69A48454-4027-4DCB-B59F-04DF0DFAC4E1}.Debug|Any CPU.ActiveCfg = Debug|Any CPU
		{69A48454-4027-4DCB-B59F-04DF0DFAC4E1}.Debug|Any CPU.Build.0 = Debug|Any CPU
		{69A48454-4027-4DCB-B59F-04DF0DFAC4E1}.Release|Any CPU.ActiveCfg = Release|Any CPU
		{69A48454-4027-4DCB-B59F-04DF0DFAC4E1}.Release|Any CPU.Build.0 = Release|Any CPU
		{02EB685A-D795-49EF-965F-0B698645B6E8}.Debug|Any CPU.ActiveCfg = Debug|Any CPU
		{02EB685A-D795-49EF-965F-0B698645B6E8}.Debug|Any CPU.Build.0 = Debug|Any CPU
		{02EB685A-D795-49EF-965F-0B698645B6E8}.Release|Any CPU.ActiveCfg = Release|Any CPU
		{02EB685A-D795-49EF-965F-0B698645B6E8}.Release|Any CPU.Build.0 = Release|Any CPU
	EndGlobalSection
	GlobalSection(SolutionProperties) = preSolution
		HideSolutionNode = FALSE
	EndGlobalSection
	GlobalSection(ExtensibilityGlobals) = postSolution
		SolutionGuid = {1A0E2C9E-83F1-400E-B50F-2F5906590494}
	EndGlobalSection
EndGlobal
